
Microsoft Visual Studio Solution File, Format Version 12.00
# Visual Studio Version 17
VisualStudioVersion = 17.10.35122.118
MinimumVisualStudioVersion = 10.0.40219.1
Project("{2150E333-8FDC-42A3-9474-1A3956D46DE8}") = "src", "src", "{F8BA05D7-0DA8-4532-8BF3-261D06565EF8}"
EndProject
Project("{2150E333-8FDC-42A3-9474-1A3956D46DE8}") = "core", "core", "{7F5E330E-399D-4866-BC82-E528DF413EDC}"
EndProject
Project("{FAE04EC0-301F-11D3-BF4B-00C04F79EFBC}") = "System.Notifications.Core.Domain", "src\core\System.Notifications.Core.Domain\System.Notifications.Core.Domain.csproj", "{A2573740-CE1F-45F5-8AA4-9BE87F7762E2}"
EndProject
Project("{FAE04EC0-301F-11D3-BF4B-00C04F79EFBC}") = "System.Notifications.Core.Abstracts", "src\core\System.Notifications.Core.Abstracts\System.Notifications.Core.Abstracts.csproj", "{4DAECD3D-0ACE-40B0-BE44-BF1DF2AD920F}"
EndProject
Project("{2150E333-8FDC-42A3-9474-1A3956D46DE8}") = "tests", "tests", "{BAD96F65-E008-489C-B74F-74011A9807E8}"
EndProject
Project("{FAE04EC0-301F-11D3-BF4B-00C04F79EFBC}") = "System.Notifications.Core.Domain.Tests", "tests\System.Notifications.Core.Domain.Tests\System.Notifications.Core.Domain.Tests.csproj", "{1E2D6F2D-A448-43F4-9221-AE7969155E61}"
EndProject
Global
	GlobalSection(SolutionConfigurationPlatforms) = preSolution
		Debug|Any CPU = Debug|Any CPU
		Release|Any CPU = Release|Any CPU
	EndGlobalSection
	GlobalSection(ProjectConfigurationPlatforms) = postSolution
		{A2573740-CE1F-45F5-8AA4-9BE87F7762E2}.Debug|Any CPU.ActiveCfg = Debug|Any CPU
		{A2573740-CE1F-45F5-8AA4-9BE87F7762E2}.Debug|Any CPU.Build.0 = Debug|Any CPU
		{A2573740-CE1F-45F5-8AA4-9BE87F7762E2}.Release|Any CPU.ActiveCfg = Release|Any CPU
		{A2573740-CE1F-45F5-8AA4-9BE87F7762E2}.Release|Any CPU.Build.0 = Release|Any CPU
		{4DAECD3D-0ACE-40B0-BE44-BF1DF2AD920F}.Debug|Any CPU.ActiveCfg = Debug|Any CPU
		{4DAECD3D-0ACE-40B0-BE44-BF1DF2AD920F}.Debug|Any CPU.Build.0 = Debug|Any CPU
		{4DAECD3D-0ACE-40B0-BE44-BF1DF2AD920F}.Release|Any CPU.ActiveCfg = Release|Any CPU
		{4DAECD3D-0ACE-40B0-BE44-BF1DF2AD920F}.Release|Any CPU.Build.0 = Release|Any CPU
		{1E2D6F2D-A448-43F4-9221-AE7969155E61}.Debug|Any CPU.ActiveCfg = Debug|Any CPU
		{1E2D6F2D-A448-43F4-9221-AE7969155E61}.Debug|Any CPU.Build.0 = Debug|Any CPU
		{1E2D6F2D-A448-43F4-9221-AE7969155E61}.Release|Any CPU.ActiveCfg = Release|Any CPU
		{1E2D6F2D-A448-43F4-9221-AE7969155E61}.Release|Any CPU.Build.0 = Release|Any CPU
	EndGlobalSection
	GlobalSection(SolutionProperties) = preSolution
		HideSolutionNode = FALSE
	EndGlobalSection
	GlobalSection(NestedProjects) = preSolution
		{7F5E330E-399D-4866-BC82-E528DF413EDC} = {F8BA05D7-0DA8-4532-8BF3-261D06565EF8}
		{A2573740-CE1F-45F5-8AA4-9BE87F7762E2} = {7F5E330E-399D-4866-BC82-E528DF413EDC}
		{4DAECD3D-0ACE-40B0-BE44-BF1DF2AD920F} = {7F5E330E-399D-4866-BC82-E528DF413EDC}
		{1E2D6F2D-A448-43F4-9221-AE7969155E61} = {BAD96F65-E008-489C-B74F-74011A9807E8}
	EndGlobalSection
	GlobalSection(ExtensibilityGlobals) = postSolution
		SolutionGuid = {A77911BE-3C75-4FE1-98AA-CA2AE2BCDDA5}
	EndGlobalSection
EndGlobal
