
Microsoft Visual Studio Solution File, Format Version 12.00
# Visual Studio Version 17
VisualStudioVersion = 17.10.35122.118
MinimumVisualStudioVersion = 10.0.40219.1
Project("{2150E333-8FDC-42A3-9474-1A3956D46DE8}") = "src", "src", "{F8BA05D7-0DA8-4532-8BF3-261D06565EF8}"
EndProject
Project("{2150E333-8FDC-42A3-9474-1A3956D46DE8}") = "core", "core", "{7F5E330E-399D-4866-BC82-E528DF413EDC}"
EndProject
Project("{9A19103F-16F7-4668-BE54-9A1E7A4F7556}") = "System.Notifications.Core.Domain", "src\core\System.Notifications.Core.Domain\System.Notifications.Core.Domain.csproj", "{A2573740-CE1F-45F5-8AA4-9BE87F7762E2}"
EndProject
Project("{9A19103F-16F7-4668-BE54-9A1E7A4F7556}") = "System.Notifications.Core.Abstracts", "src\core\System.Notifications.Core.Abstracts\System.Notifications.Core.Abstracts.csproj", "{4DAECD3D-0ACE-40B0-BE44-BF1DF2AD920F}"
EndProject
Project("{2150E333-8FDC-42A3-9474-1A3956D46DE8}") = "tests", "tests", "{BAD96F65-E008-489C-B74F-74011A9807E8}"
EndProject
Project("{9A19103F-16F7-4668-BE54-9A1E7A4F7556}") = "System.Notifications.Core.Domain.Tests", "tests\System.Notifications.Core.Domain.Tests\System.Notifications.Core.Domain.Tests.csproj", "{1E2D6F2D-A448-43F4-9221-AE7969155E61}"
EndProject
Project("{2150E333-8FDC-42A3-9474-1A3956D46DE8}") = "adpaters", "adpaters", "{AB270809-B1B4-4EE3-8721-8140BF2BCAF7}"
EndProject
Project("{9A19103F-16F7-4668-BE54-9A1E7A4F7556}") = "System.Notifications.Adpater.OutBound.Email", "src\adpaters\System.Notifications.Adpater.OutBound.Email\System.Notifications.Adpater.OutBound.Email.csproj", "{00E873AA-5AF6-4D08-AD3D-E7EFB56802A7}"
EndProject
Project("{9A19103F-16F7-4668-BE54-9A1E7A4F7556}") = "System.Notifications.Adpater.OutBound.Sockets", "src\adpaters\System.Notifications.Adpater.OutBound.Sockets\System.Notifications.Adpater.OutBound.Sockets.csproj", "{098C14CA-67BF-4A4B-8477-16321936D73B}"
EndProject
Project("{9A19103F-16F7-4668-BE54-9A1E7A4F7556}") = "System.Notifications.Adpater.MessageBroker.RabbitMQ", "src\adpaters\System.Notifications.Adpater.MessageBroker.RabbitMQ\System.Notifications.Adpater.MessageBroker.RabbitMQ.csproj", "{2394A781-CFFA-4359-A7D4-155FE9CD03F7}"
EndProject
Project("{9A19103F-16F7-4668-BE54-9A1E7A4F7556}") = "System.Notifications.Adpater.DataBase.MongoDB", "src\adpaters\System.Notifications.Adpater.DataBase.MongoDB\System.Notifications.Adpater.DataBase.MongoDB.csproj", "{A45BEA49-4A52-4168-8122-624ACCF872D9}"
EndProject
Project("{2150E333-8FDC-42A3-9474-1A3956D46DE8}") = "servers", "servers", "{31A5C58B-216A-43C5-B247-5D2E5BE8ACEF}"
EndProject
Project("{2150E333-8FDC-42A3-9474-1A3956D46DE8}") = "build", "build", "{FE72BAA7-16A6-4848-8ADF-656FA6B831FF}"
EndProject
Project("{2150E333-8FDC-42A3-9474-1A3956D46DE8}") = "docker", "docker", "{FDD206CA-25C3-4C40-944F-C418F5B9AC82}"
	ProjectSection(SolutionItems) = preProject
		build\docker\docker-compose.yaml = build\docker\docker-compose.yaml
	EndProjectSection
EndProject
Project("{9A19103F-16F7-4668-BE54-9A1E7A4F7556}") = "System.Notifications.Adpater.DataBase.MongoDB.Tests", "tests\System.Notifications.Adpater.DataBase.MongoDB.Tests\System.Notifications.Adpater.DataBase.MongoDB.Tests.csproj", "{31242FBB-56BE-4A54-A66F-3E85C39716E5}"
EndProject
Project("{FAE04EC0-301F-11D3-BF4B-00C04F79EFBC}") = "System.Notifications.Adpater.MessageBroker.RabbitMQ.Tests", "tests\System.Notifications.Adpater.MessageBroker.RabbitMQ.Tests\System.Notifications.Adpater.MessageBroker.RabbitMQ.Tests.csproj", "{BD73BA91-C178-4B84-8B7D-53BF4906E5D2}"
EndProject
Global
	GlobalSection(SolutionConfigurationPlatforms) = preSolution
		Debug|Any CPU = Debug|Any CPU
		Release|Any CPU = Release|Any CPU
	EndGlobalSection
	GlobalSection(ProjectConfigurationPlatforms) = postSolution
		{A2573740-CE1F-45F5-8AA4-9BE87F7762E2}.Debug|Any CPU.ActiveCfg = Debug|Any CPU
		{A2573740-CE1F-45F5-8AA4-9BE87F7762E2}.Debug|Any CPU.Build.0 = Debug|Any CPU
		{A2573740-CE1F-45F5-8AA4-9BE87F7762E2}.Release|Any CPU.ActiveCfg = Release|Any CPU
		{A2573740-CE1F-45F5-8AA4-9BE87F7762E2}.Release|Any CPU.Build.0 = Release|Any CPU
		{4DAECD3D-0ACE-40B0-BE44-BF1DF2AD920F}.Debug|Any CPU.ActiveCfg = Debug|Any CPU
		{4DAECD3D-0ACE-40B0-BE44-BF1DF2AD920F}.Debug|Any CPU.Build.0 = Debug|Any CPU
		{4DAECD3D-0ACE-40B0-BE44-BF1DF2AD920F}.Release|Any CPU.ActiveCfg = Release|Any CPU
		{4DAECD3D-0ACE-40B0-BE44-BF1DF2AD920F}.Release|Any CPU.Build.0 = Release|Any CPU
		{1E2D6F2D-A448-43F4-9221-AE7969155E61}.Debug|Any CPU.ActiveCfg = Debug|Any CPU
		{1E2D6F2D-A448-43F4-9221-AE7969155E61}.Debug|Any CPU.Build.0 = Debug|Any CPU
		{1E2D6F2D-A448-43F4-9221-AE7969155E61}.Release|Any CPU.ActiveCfg = Release|Any CPU
		{1E2D6F2D-A448-43F4-9221-AE7969155E61}.Release|Any CPU.Build.0 = Release|Any CPU
		{00E873AA-5AF6-4D08-AD3D-E7EFB56802A7}.Debug|Any CPU.ActiveCfg = Debug|Any CPU
		{00E873AA-5AF6-4D08-AD3D-E7EFB56802A7}.Debug|Any CPU.Build.0 = Debug|Any CPU
		{00E873AA-5AF6-4D08-AD3D-E7EFB56802A7}.Release|Any CPU.ActiveCfg = Release|Any CPU
		{00E873AA-5AF6-4D08-AD3D-E7EFB56802A7}.Release|Any CPU.Build.0 = Release|Any CPU
		{098C14CA-67BF-4A4B-8477-16321936D73B}.Debug|Any CPU.ActiveCfg = Debug|Any CPU
		{098C14CA-67BF-4A4B-8477-16321936D73B}.Debug|Any CPU.Build.0 = Debug|Any CPU
		{098C14CA-67BF-4A4B-8477-16321936D73B}.Release|Any CPU.ActiveCfg = Release|Any CPU
		{098C14CA-67BF-4A4B-8477-16321936D73B}.Release|Any CPU.Build.0 = Release|Any CPU
		{2394A781-CFFA-4359-A7D4-155FE9CD03F7}.Debug|Any CPU.ActiveCfg = Debug|Any CPU
		{2394A781-CFFA-4359-A7D4-155FE9CD03F7}.Debug|Any CPU.Build.0 = Debug|Any CPU
		{2394A781-CFFA-4359-A7D4-155FE9CD03F7}.Release|Any CPU.ActiveCfg = Release|Any CPU
		{2394A781-CFFA-4359-A7D4-155FE9CD03F7}.Release|Any CPU.Build.0 = Release|Any CPU
		{A45BEA49-4A52-4168-8122-624ACCF872D9}.Debug|Any CPU.ActiveCfg = Debug|Any CPU
		{A45BEA49-4A52-4168-8122-624ACCF872D9}.Debug|Any CPU.Build.0 = Debug|Any CPU
		{A45BEA49-4A52-4168-8122-624ACCF872D9}.Release|Any CPU.ActiveCfg = Release|Any CPU
		{A45BEA49-4A52-4168-8122-624ACCF872D9}.Release|Any CPU.Build.0 = Release|Any CPU
		{31242FBB-56BE-4A54-A66F-3E85C39716E5}.Debug|Any CPU.ActiveCfg = Debug|Any CPU
		{31242FBB-56BE-4A54-A66F-3E85C39716E5}.Debug|Any CPU.Build.0 = Debug|Any CPU
		{31242FBB-56BE-4A54-A66F-3E85C39716E5}.Release|Any CPU.ActiveCfg = Release|Any CPU
		{31242FBB-56BE-4A54-A66F-3E85C39716E5}.Release|Any CPU.Build.0 = Release|Any CPU
		{BD73BA91-C178-4B84-8B7D-53BF4906E5D2}.Debug|Any CPU.ActiveCfg = Debug|Any CPU
		{BD73BA91-C178-4B84-8B7D-53BF4906E5D2}.Debug|Any CPU.Build.0 = Debug|Any CPU
		{BD73BA91-C178-4B84-8B7D-53BF4906E5D2}.Release|Any CPU.ActiveCfg = Release|Any CPU
		{BD73BA91-C178-4B84-8B7D-53BF4906E5D2}.Release|Any CPU.Build.0 = Release|Any CPU
	EndGlobalSection
	GlobalSection(SolutionProperties) = preSolution
		HideSolutionNode = FALSE
	EndGlobalSection
	GlobalSection(NestedProjects) = preSolution
		{7F5E330E-399D-4866-BC82-E528DF413EDC} = {F8BA05D7-0DA8-4532-8BF3-261D06565EF8}
		{A2573740-CE1F-45F5-8AA4-9BE87F7762E2} = {7F5E330E-399D-4866-BC82-E528DF413EDC}
		{4DAECD3D-0ACE-40B0-BE44-BF1DF2AD920F} = {7F5E330E-399D-4866-BC82-E528DF413EDC}
		{1E2D6F2D-A448-43F4-9221-AE7969155E61} = {BAD96F65-E008-489C-B74F-74011A9807E8}
		{AB270809-B1B4-4EE3-8721-8140BF2BCAF7} = {F8BA05D7-0DA8-4532-8BF3-261D06565EF8}
		{00E873AA-5AF6-4D08-AD3D-E7EFB56802A7} = {AB270809-B1B4-4EE3-8721-8140BF2BCAF7}
		{098C14CA-67BF-4A4B-8477-16321936D73B} = {AB270809-B1B4-4EE3-8721-8140BF2BCAF7}
		{2394A781-CFFA-4359-A7D4-155FE9CD03F7} = {AB270809-B1B4-4EE3-8721-8140BF2BCAF7}
		{A45BEA49-4A52-4168-8122-624ACCF872D9} = {AB270809-B1B4-4EE3-8721-8140BF2BCAF7}
		{31A5C58B-216A-43C5-B247-5D2E5BE8ACEF} = {F8BA05D7-0DA8-4532-8BF3-261D06565EF8}
		{FDD206CA-25C3-4C40-944F-C418F5B9AC82} = {FE72BAA7-16A6-4848-8ADF-656FA6B831FF}
		{31242FBB-56BE-4A54-A66F-3E85C39716E5} = {BAD96F65-E008-489C-B74F-74011A9807E8}
		{BD73BA91-C178-4B84-8B7D-53BF4906E5D2} = {BAD96F65-E008-489C-B74F-74011A9807E8}
	EndGlobalSection
	GlobalSection(ExtensibilityGlobals) = postSolution
		SolutionGuid = {A77911BE-3C75-4FE1-98AA-CA2AE2BCDDA5}
	EndGlobalSection
EndGlobal
